
Microsoft Visual Studio Solution File, Format Version 12.00
# Visual Studio Version 17
VisualStudioVersion = 17.10.35122.118
MinimumVisualStudioVersion = 10.0.40219.1
Project("{FAE04EC0-301F-11D3-BF4B-00C04F79EFBC}") = "project 2", "project 2\project 2.csproj", "{E21C6C23-A9A9-4AAC-9E09-0587FB1608F2}"
EndProject
Global
	GlobalSection(SolutionConfigurationPlatforms) = preSolution
		Debug|Any CPU = Debug|Any CPU
		Release|Any CPU = Release|Any CPU
	EndGlobalSection
	GlobalSection(ProjectConfigurationPlatforms) = postSolution
		{E21C6C23-A9A9-4AAC-9E09-0587FB1608F2}.Debug|Any CPU.ActiveCfg = Debug|Any CPU
		{E21C6C23-A9A9-4AAC-9E09-0587FB1608F2}.Debug|Any CPU.Build.0 = Debug|Any CPU
		{E21C6C23-A9A9-4AAC-9E09-0587FB1608F2}.Release|Any CPU.ActiveCfg = Release|Any CPU
		{E21C6C23-A9A9-4AAC-9E09-0587FB1608F2}.Release|Any CPU.Build.0 = Release|Any CPU
	EndGlobalSection
	GlobalSection(SolutionProperties) = preSolution
		HideSolutionNode = FALSE
	EndGlobalSection
	GlobalSection(ExtensibilityGlobals) = postSolution
		SolutionGuid = {A2E4CFF4-40F7-422C-8EA3-C5C60D568423}
	EndGlobalSection
EndGlobal
