
Microsoft Visual Studio Solution File, Format Version 12.00
# Visual Studio Version 17
VisualStudioVersion = 17.10.35122.118
MinimumVisualStudioVersion = 10.0.40219.1
Project("{FAE04EC0-301F-11D3-BF4B-00C04F79EFBC}") = "exemle1", "exemle1\exemle1.csproj", "{8C7C15EB-F07D-400E-8F5F-FC762A0DB1F2}"
EndProject
Global
	GlobalSection(SolutionConfigurationPlatforms) = preSolution
		Debug|Any CPU = Debug|Any CPU
		Release|Any CPU = Release|Any CPU
	EndGlobalSection
	GlobalSection(ProjectConfigurationPlatforms) = postSolution
		{8C7C15EB-F07D-400E-8F5F-FC762A0DB1F2}.Debug|Any CPU.ActiveCfg = Debug|Any CPU
		{8C7C15EB-F07D-400E-8F5F-FC762A0DB1F2}.Debug|Any CPU.Build.0 = Debug|Any CPU
		{8C7C15EB-F07D-400E-8F5F-FC762A0DB1F2}.Release|Any CPU.ActiveCfg = Release|Any CPU
		{8C7C15EB-F07D-400E-8F5F-FC762A0DB1F2}.Release|Any CPU.Build.0 = Release|Any CPU
	EndGlobalSection
	GlobalSection(SolutionProperties) = preSolution
		HideSolutionNode = FALSE
	EndGlobalSection
	GlobalSection(ExtensibilityGlobals) = postSolution
		SolutionGuid = {3DC1304A-FF3C-4794-98FB-1F86A045C3F0}
	EndGlobalSection
EndGlobal
