
Microsoft Visual Studio Solution File, Format Version 12.00
# Visual Studio Version 17
VisualStudioVersion = 17.10.35122.118
MinimumVisualStudioVersion = 10.0.40219.1
Project("{FAE04EC0-301F-11D3-BF4B-00C04F79EFBC}") = "2", "2\2.csproj", "{AA4EE3C7-6EEE-4265-A748-5821FB603329}"
EndProject
Global
	GlobalSection(SolutionConfigurationPlatforms) = preSolution
		Debug|Any CPU = Debug|Any CPU
		Release|Any CPU = Release|Any CPU
	EndGlobalSection
	GlobalSection(ProjectConfigurationPlatforms) = postSolution
		{AA4EE3C7-6EEE-4265-A748-5821FB603329}.Debug|Any CPU.ActiveCfg = Debug|Any CPU
		{AA4EE3C7-6EEE-4265-A748-5821FB603329}.Debug|Any CPU.Build.0 = Debug|Any CPU
		{AA4EE3C7-6EEE-4265-A748-5821FB603329}.Release|Any CPU.ActiveCfg = Release|Any CPU
		{AA4EE3C7-6EEE-4265-A748-5821FB603329}.Release|Any CPU.Build.0 = Release|Any CPU
	EndGlobalSection
	GlobalSection(SolutionProperties) = preSolution
		HideSolutionNode = FALSE
	EndGlobalSection
	GlobalSection(ExtensibilityGlobals) = postSolution
		SolutionGuid = {024F6996-7FD1-4438-A860-875A3E1FEE7B}
	EndGlobalSection
EndGlobal
